// !$*UTF8*$!
{
	archiveVersion = 1;
	classes = {
	};
	objectVersion = 50;
	objects = {

/* Begin PBXBuildFile section */
		DB52453A218B4E4B0007FAE6 /* AppDelegate.swift in Sources */ = {isa = PBXBuildFile; fileRef = DB524539218B4E4B0007FAE6 /* AppDelegate.swift */; };
		DB52453C218B4E4B0007FAE6 /* ViewController.swift in Sources */ = {isa = PBXBuildFile; fileRef = DB52453B218B4E4B0007FAE6 /* ViewController.swift */; };
		DB52453F218B4E4B0007FAE6 /* Main.storyboard in Resources */ = {isa = PBXBuildFile; fileRef = DB52453D218B4E4B0007FAE6 /* Main.storyboard */; };
		DB524541218B4E4D0007FAE6 /* Assets.xcassets in Resources */ = {isa = PBXBuildFile; fileRef = DB524540218B4E4D0007FAE6 /* Assets.xcassets */; };
		DB524544218B4E4D0007FAE6 /* LaunchScreen.storyboard in Resources */ = {isa = PBXBuildFile; fileRef = DB524542218B4E4D0007FAE6 /* LaunchScreen.storyboard */; };
		DB52454F218B4E4D0007FAE6 /* CountTests.swift in Sources */ = {isa = PBXBuildFile; fileRef = DB52454E218B4E4D0007FAE6 /* CountTests.swift */; };
		DB52455A218B4E4D0007FAE6 /* CountUITests.swift in Sources */ = {isa = PBXBuildFile; fileRef = DB524559218B4E4D0007FAE6 /* CountUITests.swift */; };
/* End PBXBuildFile section */

/* Begin PBXContainerItemProxy section */
		DB52454B218B4E4D0007FAE6 /* PBXContainerItemProxy */ = {
			isa = PBXContainerItemProxy;
			containerPortal = DB52452E218B4E4B0007FAE6 /* Project object */;
			proxyType = 1;
			remoteGlobalIDString = DB524535218B4E4B0007FAE6;
			remoteInfo = Count;
		};
		DB524556218B4E4D0007FAE6 /* PBXContainerItemProxy */ = {
			isa = PBXContainerItemProxy;
			containerPortal = DB52452E218B4E4B0007FAE6 /* Project object */;
			proxyType = 1;
			remoteGlobalIDString = DB524535218B4E4B0007FAE6;
			remoteInfo = Count;
		};
/* End PBXContainerItemProxy section */

/* Begin PBXFileReference section */
		DB524536218B4E4B0007FAE6 /* Count.app */ = {isa = PBXFileReference; explicitFileType = wrapper.application; includeInIndex = 0; path = Count.app; sourceTree = BUILT_PRODUCTS_DIR; };
		DB524539218B4E4B0007FAE6 /* AppDelegate.swift */ = {isa = PBXFileReference; lastKnownFileType = sourcecode.swift; path = AppDelegate.swift; sourceTree = "<group>"; };
		DB52453B218B4E4B0007FAE6 /* ViewController.swift */ = {isa = PBXFileReference; lastKnownFileType = sourcecode.swift; path = ViewController.swift; sourceTree = "<group>"; };
		DB52453E218B4E4B0007FAE6 /* Base */ = {isa = PBXFileReference; lastKnownFileType = file.storyboard; name = Base; path = Base.lproj/Main.storyboard; sourceTree = "<group>"; };
		DB524540218B4E4D0007FAE6 /* Assets.xcassets */ = {isa = PBXFileReference; lastKnownFileType = folder.assetcatalog; path = Assets.xcassets; sourceTree = "<group>"; };
		DB524543218B4E4D0007FAE6 /* Base */ = {isa = PBXFileReference; lastKnownFileType = file.storyboard; name = Base; path = Base.lproj/LaunchScreen.storyboard; sourceTree = "<group>"; };
		DB524545218B4E4D0007FAE6 /* Info.plist */ = {isa = PBXFileReference; lastKnownFileType = text.plist.xml; path = Info.plist; sourceTree = "<group>"; };
		DB52454A218B4E4D0007FAE6 /* CountTests.xctest */ = {isa = PBXFileReference; explicitFileType = wrapper.cfbundle; includeInIndex = 0; path = CountTests.xctest; sourceTree = BUILT_PRODUCTS_DIR; };
		DB52454E218B4E4D0007FAE6 /* CountTests.swift */ = {isa = PBXFileReference; lastKnownFileType = sourcecode.swift; path = CountTests.swift; sourceTree = "<group>"; };
		DB524550218B4E4D0007FAE6 /* Info.plist */ = {isa = PBXFileReference; lastKnownFileType = text.plist.xml; path = Info.plist; sourceTree = "<group>"; };
		DB524555218B4E4D0007FAE6 /* CountUITests.xctest */ = {isa = PBXFileReference; explicitFileType = wrapper.cfbundle; includeInIndex = 0; path = CountUITests.xctest; sourceTree = BUILT_PRODUCTS_DIR; };
		DB524559218B4E4D0007FAE6 /* CountUITests.swift */ = {isa = PBXFileReference; lastKnownFileType = sourcecode.swift; path = CountUITests.swift; sourceTree = "<group>"; };
		DB52455B218B4E4D0007FAE6 /* Info.plist */ = {isa = PBXFileReference; lastKnownFileType = text.plist.xml; path = Info.plist; sourceTree = "<group>"; };
/* End PBXFileReference section */

/* Begin PBXFrameworksBuildPhase section */
		DB524533218B4E4B0007FAE6 /* Frameworks */ = {
			isa = PBXFrameworksBuildPhase;
			buildActionMask = 2147483647;
			files = (
			);
			runOnlyForDeploymentPostprocessing = 0;
		};
		DB524547218B4E4D0007FAE6 /* Frameworks */ = {
			isa = PBXFrameworksBuildPhase;
			buildActionMask = 2147483647;
			files = (
			);
			runOnlyForDeploymentPostprocessing = 0;
		};
		DB524552218B4E4D0007FAE6 /* Frameworks */ = {
			isa = PBXFrameworksBuildPhase;
			buildActionMask = 2147483647;
			files = (
			);
			runOnlyForDeploymentPostprocessing = 0;
		};
/* End PBXFrameworksBuildPhase section */

/* Begin PBXGroup section */
		DB52452D218B4E4B0007FAE6 = {
			isa = PBXGroup;
			children = (
				DB524538218B4E4B0007FAE6 /* Count */,
				DB52454D218B4E4D0007FAE6 /* CountTests */,
				DB524558218B4E4D0007FAE6 /* CountUITests */,
				DB524537218B4E4B0007FAE6 /* Products */,
			);
			sourceTree = "<group>";
		};
		DB524537218B4E4B0007FAE6 /* Products */ = {
			isa = PBXGroup;
			children = (
				DB524536218B4E4B0007FAE6 /* Count.app */,
				DB52454A218B4E4D0007FAE6 /* CountTests.xctest */,
				DB524555218B4E4D0007FAE6 /* CountUITests.xctest */,
			);
			name = Products;
			sourceTree = "<group>";
		};
		DB524538218B4E4B0007FAE6 /* Count */ = {
			isa = PBXGroup;
			children = (
				DB524539218B4E4B0007FAE6 /* AppDelegate.swift */,
				DB52453B218B4E4B0007FAE6 /* ViewController.swift */,
				DB52453D218B4E4B0007FAE6 /* Main.storyboard */,
				DB524540218B4E4D0007FAE6 /* Assets.xcassets */,
				DB524542218B4E4D0007FAE6 /* LaunchScreen.storyboard */,
				DB524545218B4E4D0007FAE6 /* Info.plist */,
			);
			path = Count;
			sourceTree = "<group>";
		};
		DB52454D218B4E4D0007FAE6 /* CountTests */ = {
			isa = PBXGroup;
			children = (
				DB52454E218B4E4D0007FAE6 /* CountTests.swift */,
				DB524550218B4E4D0007FAE6 /* Info.plist */,
			);
			path = CountTests;
			sourceTree = "<group>";
		};
		DB524558218B4E4D0007FAE6 /* CountUITests */ = {
			isa = PBXGroup;
			children = (
				DB524559218B4E4D0007FAE6 /* CountUITests.swift */,
				DB52455B218B4E4D0007FAE6 /* Info.plist */,
			);
			path = CountUITests;
			sourceTree = "<group>";
		};
/* End PBXGroup section */

/* Begin PBXNativeTarget section */
		DB524535218B4E4B0007FAE6 /* Count */ = {
			isa = PBXNativeTarget;
			buildConfigurationList = DB52455E218B4E4D0007FAE6 /* Build configuration list for PBXNativeTarget "Count" */;
			buildPhases = (
				DB524532218B4E4B0007FAE6 /* Sources */,
				DB524533218B4E4B0007FAE6 /* Frameworks */,
				DB524534218B4E4B0007FAE6 /* Resources */,
			);
			buildRules = (
			);
			dependencies = (
			);
			name = Count;
			productName = Count;
			productReference = DB524536218B4E4B0007FAE6 /* Count.app */;
			productType = "com.apple.product-type.application";
		};
		DB524549218B4E4D0007FAE6 /* CountTests */ = {
			isa = PBXNativeTarget;
			buildConfigurationList = DB524561218B4E4D0007FAE6 /* Build configuration list for PBXNativeTarget "CountTests" */;
			buildPhases = (
				DB524546218B4E4D0007FAE6 /* Sources */,
				DB524547218B4E4D0007FAE6 /* Frameworks */,
				DB524548218B4E4D0007FAE6 /* Resources */,
			);
			buildRules = (
			);
			dependencies = (
				DB52454C218B4E4D0007FAE6 /* PBXTargetDependency */,
			);
			name = CountTests;
			productName = CountTests;
			productReference = DB52454A218B4E4D0007FAE6 /* CountTests.xctest */;
			productType = "com.apple.product-type.bundle.unit-test";
		};
		DB524554218B4E4D0007FAE6 /* CountUITests */ = {
			isa = PBXNativeTarget;
			buildConfigurationList = DB524564218B4E4D0007FAE6 /* Build configuration list for PBXNativeTarget "CountUITests" */;
			buildPhases = (
				DB524551218B4E4D0007FAE6 /* Sources */,
				DB524552218B4E4D0007FAE6 /* Frameworks */,
				DB524553218B4E4D0007FAE6 /* Resources */,
			);
			buildRules = (
			);
			dependencies = (
				DB524557218B4E4D0007FAE6 /* PBXTargetDependency */,
			);
			name = CountUITests;
			productName = CountUITests;
			productReference = DB524555218B4E4D0007FAE6 /* CountUITests.xctest */;
			productType = "com.apple.product-type.bundle.ui-testing";
		};
/* End PBXNativeTarget section */

/* Begin PBXProject section */
		DB52452E218B4E4B0007FAE6 /* Project object */ = {
			isa = PBXProject;
			attributes = {
				LastSwiftUpdateCheck = 1000;
				LastUpgradeCheck = 1000;
				ORGANIZATIONNAME = "田口峻平";
				TargetAttributes = {
					DB524535218B4E4B0007FAE6 = {
						CreatedOnToolsVersion = 10.0;
					};
					DB524549218B4E4D0007FAE6 = {
						CreatedOnToolsVersion = 10.0;
						TestTargetID = DB524535218B4E4B0007FAE6;
					};
					DB524554218B4E4D0007FAE6 = {
						CreatedOnToolsVersion = 10.0;
						TestTargetID = DB524535218B4E4B0007FAE6;
					};
				};
			};
			buildConfigurationList = DB524531218B4E4B0007FAE6 /* Build configuration list for PBXProject "Count" */;
			compatibilityVersion = "Xcode 9.3";
			developmentRegion = en;
			hasScannedForEncodings = 0;
			knownRegions = (
				en,
				Base,
			);
			mainGroup = DB52452D218B4E4B0007FAE6;
			productRefGroup = DB524537218B4E4B0007FAE6 /* Products */;
			projectDirPath = "";
			projectRoot = "";
			targets = (
				DB524535218B4E4B0007FAE6 /* Count */,
				DB524549218B4E4D0007FAE6 /* CountTests */,
				DB524554218B4E4D0007FAE6 /* CountUITests */,
			);
		};
/* End PBXProject section */

/* Begin PBXResourcesBuildPhase section */
		DB524534218B4E4B0007FAE6 /* Resources */ = {
			isa = PBXResourcesBuildPhase;
			buildActionMask = 2147483647;
			files = (
				DB524544218B4E4D0007FAE6 /* LaunchScreen.storyboard in Resources */,
				DB524541218B4E4D0007FAE6 /* Assets.xcassets in Resources */,
				DB52453F218B4E4B0007FAE6 /* Main.storyboard in Resources */,
			);
			runOnlyForDeploymentPostprocessing = 0;
		};
		DB524548218B4E4D0007FAE6 /* Resources */ = {
			isa = PBXResourcesBuildPhase;
			buildActionMask = 2147483647;
			files = (
			);
			runOnlyForDeploymentPostprocessing = 0;
		};
		DB524553218B4E4D0007FAE6 /* Resources */ = {
			isa = PBXResourcesBuildPhase;
			buildActionMask = 2147483647;
			files = (
			);
			runOnlyForDeploymentPostprocessing = 0;
		};
/* End PBXResourcesBuildPhase section */

/* Begin PBXSourcesBuildPhase section */
		DB524532218B4E4B0007FAE6 /* Sources */ = {
			isa = PBXSourcesBuildPhase;
			buildActionMask = 2147483647;
			files = (
				DB52453C218B4E4B0007FAE6 /* ViewController.swift in Sources */,
				DB52453A218B4E4B0007FAE6 /* AppDelegate.swift in Sources */,
			);
			runOnlyForDeploymentPostprocessing = 0;
		};
		DB524546218B4E4D0007FAE6 /* Sources */ = {
			isa = PBXSourcesBuildPhase;
			buildActionMask = 2147483647;
			files = (
				DB52454F218B4E4D0007FAE6 /* CountTests.swift in Sources */,
			);
			runOnlyForDeploymentPostprocessing = 0;
		};
		DB524551218B4E4D0007FAE6 /* Sources */ = {
			isa = PBXSourcesBuildPhase;
			buildActionMask = 2147483647;
			files = (
				DB52455A218B4E4D0007FAE6 /* CountUITests.swift in Sources */,
			);
			runOnlyForDeploymentPostprocessing = 0;
		};
/* End PBXSourcesBuildPhase section */

/* Begin PBXTargetDependency section */
		DB52454C218B4E4D0007FAE6 /* PBXTargetDependency */ = {
			isa = PBXTargetDependency;
			target = DB524535218B4E4B0007FAE6 /* Count */;
			targetProxy = DB52454B218B4E4D0007FAE6 /* PBXContainerItemProxy */;
		};
		DB524557218B4E4D0007FAE6 /* PBXTargetDependency */ = {
			isa = PBXTargetDependency;
			target = DB524535218B4E4B0007FAE6 /* Count */;
			targetProxy = DB524556218B4E4D0007FAE6 /* PBXContainerItemProxy */;
		};
/* End PBXTargetDependency section */

/* Begin PBXVariantGroup section */
		DB52453D218B4E4B0007FAE6 /* Main.storyboard */ = {
			isa = PBXVariantGroup;
			children = (
				DB52453E218B4E4B0007FAE6 /* Base */,
			);
			name = Main.storyboard;
			sourceTree = "<group>";
		};
		DB524542218B4E4D0007FAE6 /* LaunchScreen.storyboard */ = {
			isa = PBXVariantGroup;
			children = (
				DB524543218B4E4D0007FAE6 /* Base */,
			);
			name = LaunchScreen.storyboard;
			sourceTree = "<group>";
		};
/* End PBXVariantGroup section */

/* Begin XCBuildConfiguration section */
		DB52455C218B4E4D0007FAE6 /* Debug */ = {
			isa = XCBuildConfiguration;
			buildSettings = {
				ALWAYS_SEARCH_USER_PATHS = NO;
				CLANG_ANALYZER_NONNULL = YES;
				CLANG_ANALYZER_NUMBER_OBJECT_CONVERSION = YES_AGGRESSIVE;
				CLANG_CXX_LANGUAGE_STANDARD = "gnu++14";
				CLANG_CXX_LIBRARY = "libc++";
				CLANG_ENABLE_MODULES = YES;
				CLANG_ENABLE_OBJC_ARC = YES;
				CLANG_ENABLE_OBJC_WEAK = YES;
				CLANG_WARN_BLOCK_CAPTURE_AUTORELEASING = YES;
				CLANG_WARN_BOOL_CONVERSION = YES;
				CLANG_WARN_COMMA = YES;
				CLANG_WARN_CONSTANT_CONVERSION = YES;
				CLANG_WARN_DEPRECATED_OBJC_IMPLEMENTATIONS = YES;
				CLANG_WARN_DIRECT_OBJC_ISA_USAGE = YES_ERROR;
				CLANG_WARN_DOCUMENTATION_COMMENTS = YES;
				CLANG_WARN_EMPTY_BODY = YES;
				CLANG_WARN_ENUM_CONVERSION = YES;
				CLANG_WARN_INFINITE_RECURSION = YES;
				CLANG_WARN_INT_CONVERSION = YES;
				CLANG_WARN_NON_LITERAL_NULL_CONVERSION = YES;
				CLANG_WARN_OBJC_IMPLICIT_RETAIN_SELF = YES;
				CLANG_WARN_OBJC_LITERAL_CONVERSION = YES;
				CLANG_WARN_OBJC_ROOT_CLASS = YES_ERROR;
				CLANG_WARN_RANGE_LOOP_ANALYSIS = YES;
				CLANG_WARN_STRICT_PROTOTYPES = YES;
				CLANG_WARN_SUSPICIOUS_MOVE = YES;
				CLANG_WARN_UNGUARDED_AVAILABILITY = YES_AGGRESSIVE;
				CLANG_WARN_UNREACHABLE_CODE = YES;
				CLANG_WARN__DUPLICATE_METHOD_MATCH = YES;
				CODE_SIGN_IDENTITY = "iPhone Developer";
				COPY_PHASE_STRIP = NO;
				DEBUG_INFORMATION_FORMAT = dwarf;
				ENABLE_STRICT_OBJC_MSGSEND = YES;
				ENABLE_TESTABILITY = YES;
				GCC_C_LANGUAGE_STANDARD = gnu11;
				GCC_DYNAMIC_NO_PIC = NO;
				GCC_NO_COMMON_BLOCKS = YES;
				GCC_OPTIMIZATION_LEVEL = 0;
				GCC_PREPROCESSOR_DEFINITIONS = (
					"DEBUG=1",
					"$(inherited)",
				);
				GCC_WARN_64_TO_32_BIT_CONVERSION = YES;
				GCC_WARN_ABOUT_RETURN_TYPE = YES_ERROR;
				GCC_WARN_UNDECLARED_SELECTOR = YES;
				GCC_WARN_UNINITIALIZED_AUTOS = YES_AGGRESSIVE;
				GCC_WARN_UNUSED_FUNCTION = YES;
				GCC_WARN_UNUSED_VARIABLE = YES;
				IPHONEOS_DEPLOYMENT_TARGET = 12.0;
				MTL_ENABLE_DEBUG_INFO = INCLUDE_SOURCE;
				MTL_FAST_MATH = YES;
				ONLY_ACTIVE_ARCH = YES;
				SDKROOT = iphoneos;
				SWIFT_ACTIVE_COMPILATION_CONDITIONS = DEBUG;
				SWIFT_OPTIMIZATION_LEVEL = "-Onone";
			};
			name = Debug;
		};
		DB52455D218B4E4D0007FAE6 /* Release */ = {
			isa = XCBuildConfiguration;
			buildSettings = {
				ALWAYS_SEARCH_USER_PATHS = NO;
				CLANG_ANALYZER_NONNULL = YES;
				CLANG_ANALYZER_NUMBER_OBJECT_CONVERSION = YES_AGGRESSIVE;
				CLANG_CXX_LANGUAGE_STANDARD = "gnu++14";
				CLANG_CXX_LIBRARY = "libc++";
				CLANG_ENABLE_MODULES = YES;
				CLANG_ENABLE_OBJC_ARC = YES;
				CLANG_ENABLE_OBJC_WEAK = YES;
				CLANG_WARN_BLOCK_CAPTURE_AUTORELEASING = YES;
				CLANG_WARN_BOOL_CONVERSION = YES;
				CLANG_WARN_COMMA = YES;
				CLANG_WARN_CONSTANT_CONVERSION = YES;
				CLANG_WARN_DEPRECATED_OBJC_IMPLEMENTATIONS = YES;
				CLANG_WARN_DIRECT_OBJC_ISA_USAGE = YES_ERROR;
				CLANG_WARN_DOCUMENTATION_COMMENTS = YES;
				CLANG_WARN_EMPTY_BODY = YES;
				CLANG_WARN_ENUM_CONVERSION = YES;
				CLANG_WARN_INFINITE_RECURSION = YES;
				CLANG_WARN_INT_CONVERSION = YES;
				CLANG_WARN_NON_LITERAL_NULL_CONVERSION = YES;
				CLANG_WARN_OBJC_IMPLICIT_RETAIN_SELF = YES;
				CLANG_WARN_OBJC_LITERAL_CONVERSION = YES;
				CLANG_WARN_OBJC_ROOT_CLASS = YES_ERROR;
				CLANG_WARN_RANGE_LOOP_ANALYSIS = YES;
				CLANG_WARN_STRICT_PROTOTYPES = YES;
				CLANG_WARN_SUSPICIOUS_MOVE = YES;
				CLANG_WARN_UNGUARDED_AVAILABILITY = YES_AGGRESSIVE;
				CLANG_WARN_UNREACHABLE_CODE = YES;
				CLANG_WARN__DUPLICATE_METHOD_MATCH = YES;
				CODE_SIGN_IDENTITY = "iPhone Developer";
				COPY_PHASE_STRIP = NO;
				DEBUG_INFORMATION_FORMAT = "dwarf-with-dsym";
				ENABLE_NS_ASSERTIONS = NO;
				ENABLE_STRICT_OBJC_MSGSEND = YES;
				GCC_C_LANGUAGE_STANDARD = gnu11;
				GCC_NO_COMMON_BLOCKS = YES;
				GCC_WARN_64_TO_32_BIT_CONVERSION = YES;
				GCC_WARN_ABOUT_RETURN_TYPE = YES_ERROR;
				GCC_WARN_UNDECLARED_SELECTOR = YES;
				GCC_WARN_UNINITIALIZED_AUTOS = YES_AGGRESSIVE;
				GCC_WARN_UNUSED_FUNCTION = YES;
				GCC_WARN_UNUSED_VARIABLE = YES;
				IPHONEOS_DEPLOYMENT_TARGET = 12.0;
				MTL_ENABLE_DEBUG_INFO = NO;
				MTL_FAST_MATH = YES;
				SDKROOT = iphoneos;
				SWIFT_COMPILATION_MODE = wholemodule;
				SWIFT_OPTIMIZATION_LEVEL = "-O";
				VALIDATE_PRODUCT = YES;
			};
			name = Release;
		};
		DB52455F218B4E4D0007FAE6 /* Debug */ = {
			isa = XCBuildConfiguration;
			buildSettings = {
				ASSETCATALOG_COMPILER_APPICON_NAME = AppIcon;
				CODE_SIGN_STYLE = Automatic;
				INFOPLIST_FILE = Count/Info.plist;
				LD_RUNPATH_SEARCH_PATHS = (
					"$(inherited)",
					"@executable_path/Frameworks",
				);
				PRODUCT_BUNDLE_IDENTIFIER = "----.Count";
				PRODUCT_NAME = "$(TARGET_NAME)";
				SWIFT_VERSION = 4.2;
				TARGETED_DEVICE_FAMILY = "1,2";
			};
			name = Debug;
		};
		DB524560218B4E4D0007FAE6 /* Release */ = {
			isa = XCBuildConfiguration;
			buildSettings = {
				ASSETCATALOG_COMPILER_APPICON_NAME = AppIcon;
				CODE_SIGN_STYLE = Automatic;
				INFOPLIST_FILE = Count/Info.plist;
				LD_RUNPATH_SEARCH_PATHS = (
					"$(inherited)",
					"@executable_path/Frameworks",
				);
				PRODUCT_BUNDLE_IDENTIFIER = "----.Count";
				PRODUCT_NAME = "$(TARGET_NAME)";
				SWIFT_VERSION = 4.2;
				TARGETED_DEVICE_FAMILY = "1,2";
			};
			name = Release;
		};
		DB524562218B4E4D0007FAE6 /* Debug */ = {
			isa = XCBuildConfiguration;
			buildSettings = {
				ALWAYS_EMBED_SWIFT_STANDARD_LIBRARIES = YES;
				BUNDLE_LOADER = "$(TEST_HOST)";
				CODE_SIGN_STYLE = Automatic;
				INFOPLIST_FILE = CountTests/Info.plist;
				LD_RUNPATH_SEARCH_PATHS = (
					"$(inherited)",
					"@executable_path/Frameworks",
					"@loader_path/Frameworks",
				);
				PRODUCT_BUNDLE_IDENTIFIER = "----.CountTests";
				PRODUCT_NAME = "$(TARGET_NAME)";
				SWIFT_VERSION = 4.2;
				TARGETED_DEVICE_FAMILY = "1,2";
				TEST_HOST = "$(BUILT_PRODUCTS_DIR)/Count.app/Count";
			};
			name = Debug;
		};
		DB524563218B4E4D0007FAE6 /* Release */ = {
			isa = XCBuildConfiguration;
			buildSettings = {
				ALWAYS_EMBED_SWIFT_STANDARD_LIBRARIES = YES;
				BUNDLE_LOADER = "$(TEST_HOST)";
				CODE_SIGN_STYLE = Automatic;
				INFOPLIST_FILE = CountTests/Info.plist;
				LD_RUNPATH_SEARCH_PATHS = (
					"$(inherited)",
					"@executable_path/Frameworks",
					"@loader_path/Frameworks",
				);
				PRODUCT_BUNDLE_IDENTIFIER = "----.CountTests";
				PRODUCT_NAME = "$(TARGET_NAME)";
				SWIFT_VERSION = 4.2;
				TARGETED_DEVICE_FAMILY = "1,2";
				TEST_HOST = "$(BUILT_PRODUCTS_DIR)/Count.app/Count";
			};
			name = Release;
		};
		DB524565218B4E4D0007FAE6 /* Debug */ = {
			isa = XCBuildConfiguration;
			buildSettings = {
				ALWAYS_EMBED_SWIFT_STANDARD_LIBRARIES = YES;
				CODE_SIGN_STYLE = Automatic;
				INFOPLIST_FILE = CountUITests/Info.plist;
				LD_RUNPATH_SEARCH_PATHS = (
					"$(inherited)",
					"@executable_path/Frameworks",
					"@loader_path/Frameworks",
				);
				PRODUCT_BUNDLE_IDENTIFIER = "----.CountUITests";
				PRODUCT_NAME = "$(TARGET_NAME)";
				SWIFT_VERSION = 4.2;
				TARGETED_DEVICE_FAMILY = "1,2";
				TEST_TARGET_NAME = Count;
			};
			name = Debug;
		};
		DB524566218B4E4D0007FAE6 /* Release */ = {
			isa = XCBuildConfiguration;
			buildSettings = {
				ALWAYS_EMBED_SWIFT_STANDARD_LIBRARIES = YES;
				CODE_SIGN_STYLE = Automatic;
				INFOPLIST_FILE = CountUITests/Info.plist;
				LD_RUNPATH_SEARCH_PATHS = (
					"$(inherited)",
					"@executable_path/Frameworks",
					"@loader_path/Frameworks",
				);
				PRODUCT_BUNDLE_IDENTIFIER = "----.CountUITests";
				PRODUCT_NAME = "$(TARGET_NAME)";
				SWIFT_VERSION = 4.2;
				TARGETED_DEVICE_FAMILY = "1,2";
				TEST_TARGET_NAME = Count;
			};
			name = Release;
		};
/* End XCBuildConfiguration section */

/* Begin XCConfigurationList section */
		DB524531218B4E4B0007FAE6 /* Build configuration list for PBXProject "Count" */ = {
			isa = XCConfigurationList;
			buildConfigurations = (
				DB52455C218B4E4D0007FAE6 /* Debug */,
				DB52455D218B4E4D0007FAE6 /* Release */,
			);
			defaultConfigurationIsVisible = 0;
			defaultConfigurationName = Release;
		};
		DB52455E218B4E4D0007FAE6 /* Build configuration list for PBXNativeTarget "Count" */ = {
			isa = XCConfigurationList;
			buildConfigurations = (
				DB52455F218B4E4D0007FAE6 /* Debug */,
				DB524560218B4E4D0007FAE6 /* Release */,
			);
			defaultConfigurationIsVisible = 0;
			defaultConfigurationName = Release;
		};
		DB524561218B4E4D0007FAE6 /* Build configuration list for PBXNativeTarget "CountTests" */ = {
			isa = XCConfigurationList;
			buildConfigurations = (
				DB524562218B4E4D0007FAE6 /* Debug */,
				DB524563218B4E4D0007FAE6 /* Release */,
			);
			defaultConfigurationIsVisible = 0;
			defaultConfigurationName = Release;
		};
		DB524564218B4E4D0007FAE6 /* Build configuration list for PBXNativeTarget "CountUITests" */ = {
			isa = XCConfigurationList;
			buildConfigurations = (
				DB524565218B4E4D0007FAE6 /* Debug */,
				DB524566218B4E4D0007FAE6 /* Release */,
			);
			defaultConfigurationIsVisible = 0;
			defaultConfigurationName = Release;
		};
/* End XCConfigurationList section */
	};
	rootObject = DB52452E218B4E4B0007FAE6 /* Project object */;
}
